<?xml version="1.0" encoding="utf-8"?>
<Project ToolsVersion="4.0" xmlns="http://schemas.microsoft.com/developer/msbuild/2003">
  <ItemGroup>
    <Filter Include="CS">
      <UniqueIdentifier>{2919bdd7-f75b-48d9-89bb-5e809fb98721}</UniqueIdentifier>
    </Filter>
    <Filter Include="DS">
      <UniqueIdentifier>{34564da5-8800-4ad9-bb4d-eb14475fb4e7}</UniqueIdentifier>
    </Filter>
    <Filter Include="GS">
      <UniqueIdentifier>{43cb883e-8eb0-4ec6-a549-33a8f1903c1e}</UniqueIdentifier>
    </Filter>
    <Filter Include="HS">
      <UniqueIdentifier>{a66a9516-081e-4a08-8779-e6cb91d3c518}</UniqueIdentifier>
    </Filter>
    <Filter Include="PS">
      <UniqueIdentifier>{eed05b3e-d66d-4105-be35-9dc42c5ba26b}</UniqueIdentifier>
    </Filter>
    <Filter Include="VS">
      <UniqueIdentifier>{d8947852-fd3e-4d43-80bd-0be5895c7d1a}</UniqueIdentifier>
    </Filter>
  </ItemGroup>
  <ItemGroup>
    <FxCompile Include="$(MSBuildThisFileDirectory)PixelShader.hlsl">
      <Filter>PS</Filter>
    </FxCompile>
    <FxCompile Include="$(MSBuildThisFileDirectory)VertexShader.hlsl">
      <Filter>VS</Filter>
    </FxCompile>
  </ItemGroup>
</Project>